// !$*UTF8*$!
{
	archiveVersion = 1;
	classes = {
	};
	objectVersion = 46;
	objects = {

/* Begin PBXBuildFile section */
		BC1F31861DAAA7930084DA3D /* main.cpp in Sources */ = {isa = PBXBuildFile; fileRef = BC1F31851DAAA7930084DA3D /* main.cpp */; };
		BC1F318F1DAAA7D40084DA3D /* Queue.cpp in Sources */ = {isa = PBXBuildFile; fileRef = BC1F318D1DAAA7D40084DA3D /* Queue.cpp */; };
/* End PBXBuildFile section */

/* Begin PBXCopyFilesBuildPhase section */
		BC1F31801DAAA7930084DA3D /* CopyFiles */ = {
			isa = PBXCopyFilesBuildPhase;
			buildActionMask = 2147483647;
			dstPath = /usr/share/man/man1/;
			dstSubfolderSpec = 0;
			files = (
			);
			runOnlyForDeploymentPostprocessing = 1;
		};
/* End PBXCopyFilesBuildPhase section */

/* Begin PBXFileReference section */
		BC1F31821DAAA7930084DA3D /* Queue */ = {isa = PBXFileReference; explicitFileType = "compiled.mach-o.executable"; includeInIndex = 0; path = Queue; sourceTree = BUILT_PRODUCTS_DIR; };
		BC1F31851DAAA7930084DA3D /* main.cpp */ = {isa = PBXFileReference; lastKnownFileType = sourcecode.cpp.cpp; path = main.cpp; sourceTree = "<group>"; };
		BC1F318D1DAAA7D40084DA3D /* Queue.cpp */ = {isa = PBXFileReference; fileEncoding = 4; lastKnownFileType = sourcecode.cpp.cpp; path = Queue.cpp; sourceTree = "<group>"; };
		BC1F318E1DAAA7D40084DA3D /* Queue.h */ = {isa = PBXFileReference; fileEncoding = 4; lastKnownFileType = sourcecode.c.h; path = Queue.h; sourceTree = "<group>"; };
/* End PBXFileReference section */

/* Begin PBXFrameworksBuildPhase section */
		BC1F317F1DAAA7930084DA3D /* Frameworks */ = {
			isa = PBXFrameworksBuildPhase;
			buildActionMask = 2147483647;
			files = (
			);
			runOnlyForDeploymentPostprocessing = 0;
		};
/* End PBXFrameworksBuildPhase section */

/* Begin PBXGroup section */
		BC1F31791DAAA7930084DA3D = {
			isa = PBXGroup;
			children = (
				BC1F318D1DAAA7D40084DA3D /* Queue.cpp */,
				BC1F318E1DAAA7D40084DA3D /* Queue.h */,
				BC1F31841DAAA7930084DA3D /* Queue */,
				BC1F31831DAAA7930084DA3D /* Products */,
			);
			sourceTree = "<group>";
		};
		BC1F31831DAAA7930084DA3D /* Products */ = {
			isa = PBXGroup;
			children = (
				BC1F31821DAAA7930084DA3D /* Queue */,
			);
			name = Products;
			sourceTree = "<group>";
		};
		BC1F31841DAAA7930084DA3D /* Queue */ = {
			isa = PBXGroup;
			children = (
				BC1F31851DAAA7930084DA3D /* main.cpp */,
			);
			path = Queue;
			sourceTree = "<group>";
		};
/* End PBXGroup section */

/* Begin PBXNativeTarget section */
		BC1F31811DAAA7930084DA3D /* Queue */ = {
			isa = PBXNativeTarget;
			buildConfigurationList = BC1F31891DAAA7930084DA3D /* Build configuration list for PBXNativeTarget "Queue" */;
			buildPhases = (
				BC1F317E1DAAA7930084DA3D /* Sources */,
				BC1F317F1DAAA7930084DA3D /* Frameworks */,
				BC1F31801DAAA7930084DA3D /* CopyFiles */,
			);
			buildRules = (
			);
			dependencies = (
			);
			name = Queue;
			productName = Queue;
			productReference = BC1F31821DAAA7930084DA3D /* Queue */;
			productType = "com.apple.product-type.tool";
		};
/* End PBXNativeTarget section */

/* Begin PBXProject section */
		BC1F317A1DAAA7930084DA3D /* Project object */ = {
			isa = PBXProject;
			attributes = {
				LastUpgradeCheck = 0720;
				ORGANIZATIONNAME = Ulugbek;
				TargetAttributes = {
					BC1F31811DAAA7930084DA3D = {
						CreatedOnToolsVersion = 7.2;
					};
				};
			};
			buildConfigurationList = BC1F317D1DAAA7930084DA3D /* Build configuration list for PBXProject "Queue" */;
			compatibilityVersion = "Xcode 3.2";
			developmentRegion = English;
			hasScannedForEncodings = 0;
			knownRegions = (
				en,
			);
			mainGroup = BC1F31791DAAA7930084DA3D;
			productRefGroup = BC1F31831DAAA7930084DA3D /* Products */;
			projectDirPath = "";
			projectRoot = "";
			targets = (
				BC1F31811DAAA7930084DA3D /* Queue */,
			);
		};
/* End PBXProject section */

/* Begin PBXSourcesBuildPhase section */
		BC1F317E1DAAA7930084DA3D /* Sources */ = {
			isa = PBXSourcesBuildPhase;
			buildActionMask = 2147483647;
			files = (
				BC1F31861DAAA7930084DA3D /* main.cpp in Sources */,
				BC1F318F1DAAA7D40084DA3D /* Queue.cpp in Sources */,
			);
			runOnlyForDeploymentPostprocessing = 0;
		};
/* End PBXSourcesBuildPhase section */

/* Begin XCBuildConfiguration section */
		BC1F31871DAAA7930084DA3D /* Debug */ = {
			isa = XCBuildConfiguration;
			buildSettings = {
				ALWAYS_SEARCH_USER_PATHS = NO;
				CLANG_CXX_LANGUAGE_STANDARD = "gnu++0x";
				CLANG_CXX_LIBRARY = "libc++";
				CLANG_ENABLE_MODULES = YES;
				CLANG_ENABLE_OBJC_ARC = YES;
				CLANG_WARN_BOOL_CONVERSION = YES;
				CLANG_WARN_CONSTANT_CONVERSION = YES;
				CLANG_WARN_DIRECT_OBJC_ISA_USAGE = YES_ERROR;
				CLANG_WARN_EMPTY_BODY = YES;
				CLANG_WARN_ENUM_CONVERSION = YES;
				CLANG_WARN_INT_CONVERSION = YES;
				CLANG_WARN_OBJC_ROOT_CLASS = YES_ERROR;
				CLANG_WARN_UNREACHABLE_CODE = YES;
				CLANG_WARN__DUPLICATE_METHOD_MATCH = YES;
				CODE_SIGN_IDENTITY = "-";
				COPY_PHASE_STRIP = NO;
				DEBUG_INFORMATION_FORMAT = dwarf;
				ENABLE_STRICT_OBJC_MSGSEND = YES;
				ENABLE_TESTABILITY = YES;
				GCC_C_LANGUAGE_STANDARD = gnu99;
				GCC_DYNAMIC_NO_PIC = NO;
				GCC_NO_COMMON_BLOCKS = YES;
				GCC_OPTIMIZATION_LEVEL = 0;
				GCC_PREPROCESSOR_DEFINITIONS = (
					"DEBUG=1",
					"$(inherited)",
				);
				GCC_WARN_64_TO_32_BIT_CONVERSION = YES;
				GCC_WARN_ABOUT_RETURN_TYPE = YES_ERROR;
				GCC_WARN_UNDECLARED_SELECTOR = YES;
				GCC_WARN_UNINITIALIZED_AUTOS = YES_AGGRESSIVE;
				GCC_WARN_UNUSED_FUNCTION = YES;
				GCC_WARN_UNUSED_VARIABLE = YES;
				MACOSX_DEPLOYMENT_TARGET = 10.11;
				MTL_ENABLE_DEBUG_INFO = YES;
				ONLY_ACTIVE_ARCH = YES;
				SDKROOT = macosx;
			};
			name = Debug;
		};
		BC1F31881DAAA7930084DA3D /* Release */ = {
			isa = XCBuildConfiguration;
			buildSettings = {
				ALWAYS_SEARCH_USER_PATHS = NO;
				CLANG_CXX_LANGUAGE_STANDARD = "gnu++0x";
				CLANG_CXX_LIBRARY = "libc++";
				CLANG_ENABLE_MODULES = YES;
				CLANG_ENABLE_OBJC_ARC = YES;
				CLANG_WARN_BOOL_CONVERSION = YES;
				CLANG_WARN_CONSTANT_CONVERSION = YES;
				CLANG_WARN_DIRECT_OBJC_ISA_USAGE = YES_ERROR;
				CLANG_WARN_EMPTY_BODY = YES;
				CLANG_WARN_ENUM_CONVERSION = YES;
				CLANG_WARN_INT_CONVERSION = YES;
				CLANG_WARN_OBJC_ROOT_CLASS = YES_ERROR;
				CLANG_WARN_UNREACHABLE_CODE = YES;
				CLANG_WARN__DUPLICATE_METHOD_MATCH = YES;
				CODE_SIGN_IDENTITY = "-";
				COPY_PHASE_STRIP = NO;
				DEBUG_INFORMATION_FORMAT = "dwarf-with-dsym";
				ENABLE_NS_ASSERTIONS = NO;
				ENABLE_STRICT_OBJC_MSGSEND = YES;
				GCC_C_LANGUAGE_STANDARD = gnu99;
				GCC_NO_COMMON_BLOCKS = YES;
				GCC_WARN_64_TO_32_BIT_CONVERSION = YES;
				GCC_WARN_ABOUT_RETURN_TYPE = YES_ERROR;
				GCC_WARN_UNDECLARED_SELECTOR = YES;
				GCC_WARN_UNINITIALIZED_AUTOS = YES_AGGRESSIVE;
				GCC_WARN_UNUSED_FUNCTION = YES;
				GCC_WARN_UNUSED_VARIABLE = YES;
				MACOSX_DEPLOYMENT_TARGET = 10.11;
				MTL_ENABLE_DEBUG_INFO = NO;
				SDKROOT = macosx;
			};
			name = Release;
		};
		BC1F318A1DAAA7930084DA3D /* Debug */ = {
			isa = XCBuildConfiguration;
			buildSettings = {
				PRODUCT_NAME = "$(TARGET_NAME)";
			};
			name = Debug;
		};
		BC1F318B1DAAA7930084DA3D /* Release */ = {
			isa = XCBuildConfiguration;
			buildSettings = {
				PRODUCT_NAME = "$(TARGET_NAME)";
			};
			name = Release;
		};
/* End XCBuildConfiguration section */

/* Begin XCConfigurationList section */
		BC1F317D1DAAA7930084DA3D /* Build configuration list for PBXProject "Queue" */ = {
			isa = XCConfigurationList;
			buildConfigurations = (
				BC1F31871DAAA7930084DA3D /* Debug */,
				BC1F31881DAAA7930084DA3D /* Release */,
			);
			defaultConfigurationIsVisible = 0;
			defaultConfigurationName = Release;
		};
		BC1F31891DAAA7930084DA3D /* Build configuration list for PBXNativeTarget "Queue" */ = {
			isa = XCConfigurationList;
			buildConfigurations = (
				BC1F318A1DAAA7930084DA3D /* Debug */,
				BC1F318B1DAAA7930084DA3D /* Release */,
			);
			defaultConfigurationIsVisible = 0;
		};
/* End XCConfigurationList section */
	};
	rootObject = BC1F317A1DAAA7930084DA3D /* Project object */;
}
